NeoBundleLock CamelCaseMotion 0100d4aa7b06e9ee5fb0508b28080ccc4812d72e
NeoBundleLock ReplaceWithRegister 832efc23111d19591d495dc72286de2fb0b09345
NeoBundleLock ack.vim eede0425f50d92be89ee8fb4560a5afb707c2a54
NeoBundleLock ctrlp.vim 23f78f38394b3ee0316bc9a93b623d94b9555b62
NeoBundleLock neobundle.vim c6fa48cd665071b7a4dbf5ab53f48cd5884716ee
NeoBundleLock nerdtree e671e403dd1ec1da59f70605c73aaedb6cb0e637
NeoBundleLock vim-commentary be79030b3e8c0ee3c5f45b4333919e4830531e80
NeoBundleLock vim-easymotion 19d00afefe5a1b8f6d891ce0b73dcde38c718fdd
NeoBundleLock vim-gitgutter 1c034be0d31168c8f4770ef7b69adb67d00d6f3d
NeoBundleLock vim-indent-object 41d700f14b3decccdde421fbfe49e95a084a2f89
NeoBundleLock vim-javascript a24f345f47703d957742275d0525e83b68e83b40
NeoBundleLock vim-mustache-handlebars d1c983f3dd9a159c128c5192062caf7d47fd0f14
NeoBundleLock vim-pug 84295c0411f441abf2f6ed1c03db1596eedca7c9
NeoBundleLock vim-sort-motion dab96e1f4100a559c58f1d0d8e5e400057479f6b
NeoBundleLock vim-surround e49d6c2459e0f5569ff2d533b4df995dd7f98313
NeoBundleLock vim-system-copy bd430add7a4e9e3e101d51b08feb3f701e112065
NeoBundleLock vim-textobj-entire 41c12e1d957f9247cf31b7444a3077c581d2776c
NeoBundleLock vim-textobj-line 0a78169a33c7ea7718b9fa0fad63c11c04727291
