NeoBundleLock ack.vim eede0425f50d92be89ee8fb4560a5afb707c2a54
NeoBundleLock ctrlp.vim 23f78f38394b3ee0316bc9a93b623d94b9555b62
NeoBundleLock neobundle.vim c6fa48cd665071b7a4dbf5ab53f48cd5884716ee
NeoBundleLock nerdtree e671e403dd1ec1da59f70605c73aaedb6cb0e637
NeoBundleLock vim-easymotion 19d00afefe5a1b8f6d891ce0b73dcde38c718fdd
NeoBundleLock vim-javascript-syntax 490a0fbb7cc336630bf5a8759c2a774dcacf22f4
NeoBundleLock vim-surround e49d6c2459e0f5569ff2d533b4df995dd7f98313
